
Microsoft Visual Studio Solution File, Format Version 12.00
# Visual Studio Version 17
VisualStudioVersion = 17.10.35122.118
MinimumVisualStudioVersion = 10.0.40219.1
Project("{FAE04EC0-301F-11D3-BF4B-00C04F79EFBC}") = "LoginCrud", "LoginCrud\LoginCrud.csproj", "{544C3DA6-4478-407A-9926-D0DD68B1484F}"
EndProject
Global
	GlobalSection(SolutionConfigurationPlatforms) = preSolution
		Debug|Any CPU = Debug|Any CPU
		Release|Any CPU = Release|Any CPU
	EndGlobalSection
	GlobalSection(ProjectConfigurationPlatforms) = postSolution
		{544C3DA6-4478-407A-9926-D0DD68B1484F}.Debug|Any CPU.ActiveCfg = Debug|Any CPU
		{544C3DA6-4478-407A-9926-D0DD68B1484F}.Debug|Any CPU.Build.0 = Debug|Any CPU
		{544C3DA6-4478-407A-9926-D0DD68B1484F}.Release|Any CPU.ActiveCfg = Release|Any CPU
		{544C3DA6-4478-407A-9926-D0DD68B1484F}.Release|Any CPU.Build.0 = Release|Any CPU
	EndGlobalSection
	GlobalSection(SolutionProperties) = preSolution
		HideSolutionNode = FALSE
	EndGlobalSection
	GlobalSection(ExtensibilityGlobals) = postSolution
		SolutionGuid = {8EAE3E01-5BC3-44DD-AB42-8DAE45C6D32B}
	EndGlobalSection
EndGlobal
