
Microsoft Visual Studio Solution File, Format Version 12.00
# Visual Studio Version 17
VisualStudioVersion = 17.10.35122.118
MinimumVisualStudioVersion = 10.0.40219.1
Project("{FAE04EC0-301F-11D3-BF4B-00C04F79EFBC}") = "Visproproject1", "Visproproject1\Visproproject1.csproj", "{7AFF8E21-67DA-4CB6-96B7-E69570BCE130}"
EndProject
Global
	GlobalSection(SolutionConfigurationPlatforms) = preSolution
		Debug|Any CPU = Debug|Any CPU
		Release|Any CPU = Release|Any CPU
	EndGlobalSection
	GlobalSection(ProjectConfigurationPlatforms) = postSolution
		{7AFF8E21-67DA-4CB6-96B7-E69570BCE130}.Debug|Any CPU.ActiveCfg = Debug|Any CPU
		{7AFF8E21-67DA-4CB6-96B7-E69570BCE130}.Debug|Any CPU.Build.0 = Debug|Any CPU
		{7AFF8E21-67DA-4CB6-96B7-E69570BCE130}.Release|Any CPU.ActiveCfg = Release|Any CPU
		{7AFF8E21-67DA-4CB6-96B7-E69570BCE130}.Release|Any CPU.Build.0 = Release|Any CPU
	EndGlobalSection
	GlobalSection(SolutionProperties) = preSolution
		HideSolutionNode = FALSE
	EndGlobalSection
	GlobalSection(ExtensibilityGlobals) = postSolution
		SolutionGuid = {B0CE5BA7-3318-4DD6-BD0C-9A78190E5F71}
	EndGlobalSection
EndGlobal
